
Microsoft Visual Studio Solution File, Format Version 12.00
# Visual Studio Version 17
VisualStudioVersion = 17.5.33627.172
MinimumVisualStudioVersion = 10.0.40219.1
Project("{F2A71F9B-5D33-465A-A702-920D77279786}") = "FSharpBenchmarks", "FSharpBenchmarks\FSharpBenchmarks.fsproj", "{6AD819B7-982A-4C5E-B930-14EDBE74190B}"
EndProject
Global
	GlobalSection(SolutionConfigurationPlatforms) = preSolution
		Debug|Any CPU = Debug|Any CPU
		Release|Any CPU = Release|Any CPU
	EndGlobalSection
	GlobalSection(ProjectConfigurationPlatforms) = postSolution
		{6AD819B7-982A-4C5E-B930-14EDBE74190B}.Debug|Any CPU.ActiveCfg = Debug|Any CPU
		{6AD819B7-982A-4C5E-B930-14EDBE74190B}.Debug|Any CPU.Build.0 = Debug|Any CPU
		{6AD819B7-982A-4C5E-B930-14EDBE74190B}.Release|Any CPU.ActiveCfg = Release|Any CPU
		{6AD819B7-982A-4C5E-B930-14EDBE74190B}.Release|Any CPU.Build.0 = Release|Any CPU
	EndGlobalSection
	GlobalSection(SolutionProperties) = preSolution
		HideSolutionNode = FALSE
	EndGlobalSection
	GlobalSection(ExtensibilityGlobals) = postSolution
		SolutionGuid = {93F39000-8E89-4344-A715-9463E53FC630}
	EndGlobalSection
EndGlobal
